// !$*UTF8*$!
{
	archiveVersion = 1;
	classes = {
	};
	objectVersion = 55;
	objects = {

/* Begin PBXBuildFile section */
		C3577D3D272573760033F63D /* CoreDataPreprareApp.swift in Sources */ = {isa = PBXBuildFile; fileRef = C3577D3C272573760033F63D /* CoreDataPreprareApp.swift */; };
		C3577D3F272573760033F63D /* ContentView.swift in Sources */ = {isa = PBXBuildFile; fileRef = C3577D3E272573760033F63D /* ContentView.swift */; };
		C3577D412725737A0033F63D /* Assets.xcassets in Resources */ = {isa = PBXBuildFile; fileRef = C3577D402725737A0033F63D /* Assets.xcassets */; };
		C3577D442725737A0033F63D /* Preview Assets.xcassets in Resources */ = {isa = PBXBuildFile; fileRef = C3577D432725737A0033F63D /* Preview Assets.xcassets */; };
		C3577D462725737A0033F63D /* Persistence.swift in Sources */ = {isa = PBXBuildFile; fileRef = C3577D452725737A0033F63D /* Persistence.swift */; };
		C3577D492725737A0033F63D /* CoreDataPreprare.xcdatamodeld in Sources */ = {isa = PBXBuildFile; fileRef = C3577D472725737A0033F63D /* CoreDataPreprare.xcdatamodeld */; };
		C3577D51272581990033F63D /* Order+CoreDataClass.swift in Sources */ = {isa = PBXBuildFile; fileRef = C3577D4F272581980033F63D /* Order+CoreDataClass.swift */; };
		C3577D52272581990033F63D /* Order+CoreDataProperties.swift in Sources */ = {isa = PBXBuildFile; fileRef = C3577D50272581980033F63D /* Order+CoreDataProperties.swift */; };
		C3577D542726E9AF0033F63D /* OrderSheet.swift in Sources */ = {isa = PBXBuildFile; fileRef = C3577D532726E9AF0033F63D /* OrderSheet.swift */; };
/* End PBXBuildFile section */

/* Begin PBXFileReference section */
		C3577D39272573760033F63D /* CoreDataPreprare.app */ = {isa = PBXFileReference; explicitFileType = wrapper.application; includeInIndex = 0; path = CoreDataPreprare.app; sourceTree = BUILT_PRODUCTS_DIR; };
		C3577D3C272573760033F63D /* CoreDataPreprareApp.swift */ = {isa = PBXFileReference; lastKnownFileType = sourcecode.swift; path = CoreDataPreprareApp.swift; sourceTree = "<group>"; };
		C3577D3E272573760033F63D /* ContentView.swift */ = {isa = PBXFileReference; lastKnownFileType = sourcecode.swift; path = ContentView.swift; sourceTree = "<group>"; };
		C3577D402725737A0033F63D /* Assets.xcassets */ = {isa = PBXFileReference; lastKnownFileType = folder.assetcatalog; path = Assets.xcassets; sourceTree = "<group>"; };
		C3577D432725737A0033F63D /* Preview Assets.xcassets */ = {isa = PBXFileReference; lastKnownFileType = folder.assetcatalog; path = "Preview Assets.xcassets"; sourceTree = "<group>"; };
		C3577D452725737A0033F63D /* Persistence.swift */ = {isa = PBXFileReference; lastKnownFileType = sourcecode.swift; path = Persistence.swift; sourceTree = "<group>"; };
		C3577D482725737A0033F63D /* CoreDataPreprare.xcdatamodel */ = {isa = PBXFileReference; lastKnownFileType = wrapper.xcdatamodel; path = CoreDataPreprare.xcdatamodel; sourceTree = "<group>"; };
		C3577D4F272581980033F63D /* Order+CoreDataClass.swift */ = {isa = PBXFileReference; lastKnownFileType = sourcecode.swift; path = "Order+CoreDataClass.swift"; sourceTree = "<group>"; };
		C3577D50272581980033F63D /* Order+CoreDataProperties.swift */ = {isa = PBXFileReference; lastKnownFileType = sourcecode.swift; path = "Order+CoreDataProperties.swift"; sourceTree = "<group>"; };
		C3577D532726E9AF0033F63D /* OrderSheet.swift */ = {isa = PBXFileReference; lastKnownFileType = sourcecode.swift; path = OrderSheet.swift; sourceTree = "<group>"; };
/* End PBXFileReference section */

/* Begin PBXFrameworksBuildPhase section */
		C3577D36272573760033F63D /* Frameworks */ = {
			isa = PBXFrameworksBuildPhase;
			buildActionMask = 2147483647;
			files = (
			);
			runOnlyForDeploymentPostprocessing = 0;
		};
/* End PBXFrameworksBuildPhase section */

/* Begin PBXGroup section */
		C3577D30272573760033F63D = {
			isa = PBXGroup;
			children = (
				C3577D4F272581980033F63D /* Order+CoreDataClass.swift */,
				C3577D50272581980033F63D /* Order+CoreDataProperties.swift */,
				C3577D3B272573760033F63D /* CoreDataPreprare */,
				C3577D3A272573760033F63D /* Products */,
			);
			sourceTree = "<group>";
		};
		C3577D3A272573760033F63D /* Products */ = {
			isa = PBXGroup;
			children = (
				C3577D39272573760033F63D /* CoreDataPreprare.app */,
			);
			name = Products;
			sourceTree = "<group>";
		};
		C3577D3B272573760033F63D /* CoreDataPreprare */ = {
			isa = PBXGroup;
			children = (
				C3577D3C272573760033F63D /* CoreDataPreprareApp.swift */,
				C3577D3E272573760033F63D /* ContentView.swift */,
				C3577D402725737A0033F63D /* Assets.xcassets */,
				C3577D452725737A0033F63D /* Persistence.swift */,
				C3577D472725737A0033F63D /* CoreDataPreprare.xcdatamodeld */,
				C3577D532726E9AF0033F63D /* OrderSheet.swift */,
				C3577D422725737A0033F63D /* Preview Content */,
			);
			path = CoreDataPreprare;
			sourceTree = "<group>";
		};
		C3577D422725737A0033F63D /* Preview Content */ = {
			isa = PBXGroup;
			children = (
				C3577D432725737A0033F63D /* Preview Assets.xcassets */,
			);
			path = "Preview Content";
			sourceTree = "<group>";
		};
/* End PBXGroup section */

/* Begin PBXNativeTarget section */
		C3577D38272573760033F63D /* CoreDataPreprare */ = {
			isa = PBXNativeTarget;
			buildConfigurationList = C3577D4C2725737A0033F63D /* Build configuration list for PBXNativeTarget "CoreDataPreprare" */;
			buildPhases = (
				C3577D35272573760033F63D /* Sources */,
				C3577D36272573760033F63D /* Frameworks */,
				C3577D37272573760033F63D /* Resources */,
			);
			buildRules = (
			);
			dependencies = (
			);
			name = CoreDataPreprare;
			productName = CoreDataPreprare;
			productReference = C3577D39272573760033F63D /* CoreDataPreprare.app */;
			productType = "com.apple.product-type.application";
		};
/* End PBXNativeTarget section */

/* Begin PBXProject section */
		C3577D31272573760033F63D /* Project object */ = {
			isa = PBXProject;
			attributes = {
				BuildIndependentTargetsInParallel = 1;
				LastSwiftUpdateCheck = 1300;
				LastUpgradeCheck = 1300;
				TargetAttributes = {
					C3577D38272573760033F63D = {
						CreatedOnToolsVersion = 13.0;
					};
				};
			};
			buildConfigurationList = C3577D34272573760033F63D /* Build configuration list for PBXProject "CoreDataPreprare" */;
			compatibilityVersion = "Xcode 13.0";
			developmentRegion = en;
			hasScannedForEncodings = 0;
			knownRegions = (
				en,
				Base,
			);
			mainGroup = C3577D30272573760033F63D;
			productRefGroup = C3577D3A272573760033F63D /* Products */;
			projectDirPath = "";
			projectRoot = "";
			targets = (
				C3577D38272573760033F63D /* CoreDataPreprare */,
			);
		};
/* End PBXProject section */

/* Begin PBXResourcesBuildPhase section */
		C3577D37272573760033F63D /* Resources */ = {
			isa = PBXResourcesBuildPhase;
			buildActionMask = 2147483647;
			files = (
				C3577D442725737A0033F63D /* Preview Assets.xcassets in Resources */,
				C3577D412725737A0033F63D /* Assets.xcassets in Resources */,
			);
			runOnlyForDeploymentPostprocessing = 0;
		};
/* End PBXResourcesBuildPhase section */

/* Begin PBXSourcesBuildPhase section */
		C3577D35272573760033F63D /* Sources */ = {
			isa = PBXSourcesBuildPhase;
			buildActionMask = 2147483647;
			files = (
				C3577D52272581990033F63D /* Order+CoreDataProperties.swift in Sources */,
				C3577D462725737A0033F63D /* Persistence.swift in Sources */,
				C3577D492725737A0033F63D /* CoreDataPreprare.xcdatamodeld in Sources */,
				C3577D3F272573760033F63D /* ContentView.swift in Sources */,
				C3577D51272581990033F63D /* Order+CoreDataClass.swift in Sources */,
				C3577D542726E9AF0033F63D /* OrderSheet.swift in Sources */,
				C3577D3D272573760033F63D /* CoreDataPreprareApp.swift in Sources */,
			);
			runOnlyForDeploymentPostprocessing = 0;
		};
/* End PBXSourcesBuildPhase section */

/* Begin XCBuildConfiguration section */
		C3577D4A2725737A0033F63D /* Debug */ = {
			isa = XCBuildConfiguration;
			buildSettings = {
				ALWAYS_SEARCH_USER_PATHS = NO;
				CLANG_ANALYZER_NONNULL = YES;
				CLANG_ANALYZER_NUMBER_OBJECT_CONVERSION = YES_AGGRESSIVE;
				CLANG_CXX_LANGUAGE_STANDARD = "gnu++17";
				CLANG_CXX_LIBRARY = "libc++";
				CLANG_ENABLE_MODULES = YES;
				CLANG_ENABLE_OBJC_ARC = YES;
				CLANG_ENABLE_OBJC_WEAK = YES;
				CLANG_WARN_BLOCK_CAPTURE_AUTORELEASING = YES;
				CLANG_WARN_BOOL_CONVERSION = YES;
				CLANG_WARN_COMMA = YES;
				CLANG_WARN_CONSTANT_CONVERSION = YES;
				CLANG_WARN_DEPRECATED_OBJC_IMPLEMENTATIONS = YES;
				CLANG_WARN_DIRECT_OBJC_ISA_USAGE = YES_ERROR;
				CLANG_WARN_DOCUMENTATION_COMMENTS = YES;
				CLANG_WARN_EMPTY_BODY = YES;
				CLANG_WARN_ENUM_CONVERSION = YES;
				CLANG_WARN_INFINITE_RECURSION = YES;
				CLANG_WARN_INT_CONVERSION = YES;
				CLANG_WARN_NON_LITERAL_NULL_CONVERSION = YES;
				CLANG_WARN_OBJC_IMPLICIT_RETAIN_SELF = YES;
				CLANG_WARN_OBJC_LITERAL_CONVERSION = YES;
				CLANG_WARN_OBJC_ROOT_CLASS = YES_ERROR;
				CLANG_WARN_QUOTED_INCLUDE_IN_FRAMEWORK_HEADER = YES;
				CLANG_WARN_RANGE_LOOP_ANALYSIS = YES;
				CLANG_WARN_STRICT_PROTOTYPES = YES;
				CLANG_WARN_SUSPICIOUS_MOVE = YES;
				CLANG_WARN_UNGUARDED_AVAILABILITY = YES_AGGRESSIVE;
				CLANG_WARN_UNREACHABLE_CODE = YES;
				CLANG_WARN__DUPLICATE_METHOD_MATCH = YES;
				COPY_PHASE_STRIP = NO;
				DEBUG_INFORMATION_FORMAT = dwarf;
				ENABLE_STRICT_OBJC_MSGSEND = YES;
				ENABLE_TESTABILITY = YES;
				GCC_C_LANGUAGE_STANDARD = gnu11;
				GCC_DYNAMIC_NO_PIC = NO;
				GCC_NO_COMMON_BLOCKS = YES;
				GCC_OPTIMIZATION_LEVEL = 0;
				GCC_PREPROCESSOR_DEFINITIONS = (
					"DEBUG=1",
					"$(inherited)",
				);
				GCC_WARN_64_TO_32_BIT_CONVERSION = YES;
				GCC_WARN_ABOUT_RETURN_TYPE = YES_ERROR;
				GCC_WARN_UNDECLARED_SELECTOR = YES;
				GCC_WARN_UNINITIALIZED_AUTOS = YES_AGGRESSIVE;
				GCC_WARN_UNUSED_FUNCTION = YES;
				GCC_WARN_UNUSED_VARIABLE = YES;
				IPHONEOS_DEPLOYMENT_TARGET = 15.0;
				MTL_ENABLE_DEBUG_INFO = INCLUDE_SOURCE;
				MTL_FAST_MATH = YES;
				ONLY_ACTIVE_ARCH = YES;
				SDKROOT = iphoneos;
				SWIFT_ACTIVE_COMPILATION_CONDITIONS = DEBUG;
				SWIFT_OPTIMIZATION_LEVEL = "-Onone";
			};
			name = Debug;
		};
		C3577D4B2725737A0033F63D /* Release */ = {
			isa = XCBuildConfiguration;
			buildSettings = {
				ALWAYS_SEARCH_USER_PATHS = NO;
				CLANG_ANALYZER_NONNULL = YES;
				CLANG_ANALYZER_NUMBER_OBJECT_CONVERSION = YES_AGGRESSIVE;
				CLANG_CXX_LANGUAGE_STANDARD = "gnu++17";
				CLANG_CXX_LIBRARY = "libc++";
				CLANG_ENABLE_MODULES = YES;
				CLANG_ENABLE_OBJC_ARC = YES;
				CLANG_ENABLE_OBJC_WEAK = YES;
				CLANG_WARN_BLOCK_CAPTURE_AUTORELEASING = YES;
				CLANG_WARN_BOOL_CONVERSION = YES;
				CLANG_WARN_COMMA = YES;
				CLANG_WARN_CONSTANT_CONVERSION = YES;
				CLANG_WARN_DEPRECATED_OBJC_IMPLEMENTATIONS = YES;
				CLANG_WARN_DIRECT_OBJC_ISA_USAGE = YES_ERROR;
				CLANG_WARN_DOCUMENTATION_COMMENTS = YES;
				CLANG_WARN_EMPTY_BODY = YES;
				CLANG_WARN_ENUM_CONVERSION = YES;
				CLANG_WARN_INFINITE_RECURSION = YES;
				CLANG_WARN_INT_CONVERSION = YES;
				CLANG_WARN_NON_LITERAL_NULL_CONVERSION = YES;
				CLANG_WARN_OBJC_IMPLICIT_RETAIN_SELF = YES;
				CLANG_WARN_OBJC_LITERAL_CONVERSION = YES;
				CLANG_WARN_OBJC_ROOT_CLASS = YES_ERROR;
				CLANG_WARN_QUOTED_INCLUDE_IN_FRAMEWORK_HEADER = YES;
				CLANG_WARN_RANGE_LOOP_ANALYSIS = YES;
				CLANG_WARN_STRICT_PROTOTYPES = YES;
				CLANG_WARN_SUSPICIOUS_MOVE = YES;
				CLANG_WARN_UNGUARDED_AVAILABILITY = YES_AGGRESSIVE;
				CLANG_WARN_UNREACHABLE_CODE = YES;
				CLANG_WARN__DUPLICATE_METHOD_MATCH = YES;
				COPY_PHASE_STRIP = NO;
				DEBUG_INFORMATION_FORMAT = "dwarf-with-dsym";
				ENABLE_NS_ASSERTIONS = NO;
				ENABLE_STRICT_OBJC_MSGSEND = YES;
				GCC_C_LANGUAGE_STANDARD = gnu11;
				GCC_NO_COMMON_BLOCKS = YES;
				GCC_WARN_64_TO_32_BIT_CONVERSION = YES;
				GCC_WARN_ABOUT_RETURN_TYPE = YES_ERROR;
				GCC_WARN_UNDECLARED_SELECTOR = YES;
				GCC_WARN_UNINITIALIZED_AUTOS = YES_AGGRESSIVE;
				GCC_WARN_UNUSED_FUNCTION = YES;
				GCC_WARN_UNUSED_VARIABLE = YES;
				IPHONEOS_DEPLOYMENT_TARGET = 15.0;
				MTL_ENABLE_DEBUG_INFO = NO;
				MTL_FAST_MATH = YES;
				SDKROOT = iphoneos;
				SWIFT_COMPILATION_MODE = wholemodule;
				SWIFT_OPTIMIZATION_LEVEL = "-O";
				VALIDATE_PRODUCT = YES;
			};
			name = Release;
		};
		C3577D4D2725737A0033F63D /* Debug */ = {
			isa = XCBuildConfiguration;
			buildSettings = {
				ASSETCATALOG_COMPILER_APPICON_NAME = AppIcon;
				ASSETCATALOG_COMPILER_GLOBAL_ACCENT_COLOR_NAME = AccentColor;
				CODE_SIGN_STYLE = Automatic;
				CURRENT_PROJECT_VERSION = 1;
				DEVELOPMENT_ASSET_PATHS = "\"CoreDataPreprare/Preview Content\"";
				ENABLE_PREVIEWS = YES;
				GENERATE_INFOPLIST_FILE = YES;
				INFOPLIST_KEY_UIApplicationSceneManifest_Generation = YES;
				INFOPLIST_KEY_UIApplicationSupportsIndirectInputEvents = YES;
				INFOPLIST_KEY_UILaunchScreen_Generation = YES;
				INFOPLIST_KEY_UISupportedInterfaceOrientations_iPad = "UIInterfaceOrientationPortrait UIInterfaceOrientationPortraitUpsideDown UIInterfaceOrientationLandscapeLeft UIInterfaceOrientationLandscapeRight";
				INFOPLIST_KEY_UISupportedInterfaceOrientations_iPhone = "UIInterfaceOrientationPortrait UIInterfaceOrientationLandscapeLeft UIInterfaceOrientationLandscapeRight";
				IPHONEOS_DEPLOYMENT_TARGET = 14.0;
				LD_RUNPATH_SEARCH_PATHS = (
					"$(inherited)",
					"@executable_path/Frameworks",
				);
				MARKETING_VERSION = 1.0;
				PRODUCT_BUNDLE_IDENTIFIER = com.CoreDataPreprare;
				PRODUCT_NAME = "$(TARGET_NAME)";
				SWIFT_EMIT_LOC_STRINGS = YES;
				SWIFT_VERSION = 5.0;
				TARGETED_DEVICE_FAMILY = "1,2";
			};
			name = Debug;
		};
		C3577D4E2725737A0033F63D /* Release */ = {
			isa = XCBuildConfiguration;
			buildSettings = {
				ASSETCATALOG_COMPILER_APPICON_NAME = AppIcon;
				ASSETCATALOG_COMPILER_GLOBAL_ACCENT_COLOR_NAME = AccentColor;
				CODE_SIGN_STYLE = Automatic;
				CURRENT_PROJECT_VERSION = 1;
				DEVELOPMENT_ASSET_PATHS = "\"CoreDataPreprare/Preview Content\"";
				ENABLE_PREVIEWS = YES;
				GENERATE_INFOPLIST_FILE = YES;
				INFOPLIST_KEY_UIApplicationSceneManifest_Generation = YES;
				INFOPLIST_KEY_UIApplicationSupportsIndirectInputEvents = YES;
				INFOPLIST_KEY_UILaunchScreen_Generation = YES;
				INFOPLIST_KEY_UISupportedInterfaceOrientations_iPad = "UIInterfaceOrientationPortrait UIInterfaceOrientationPortraitUpsideDown UIInterfaceOrientationLandscapeLeft UIInterfaceOrientationLandscapeRight";
				INFOPLIST_KEY_UISupportedInterfaceOrientations_iPhone = "UIInterfaceOrientationPortrait UIInterfaceOrientationLandscapeLeft UIInterfaceOrientationLandscapeRight";
				IPHONEOS_DEPLOYMENT_TARGET = 14.0;
				LD_RUNPATH_SEARCH_PATHS = (
					"$(inherited)",
					"@executable_path/Frameworks",
				);
				MARKETING_VERSION = 1.0;
				PRODUCT_BUNDLE_IDENTIFIER = com.CoreDataPreprare;
				PRODUCT_NAME = "$(TARGET_NAME)";
				SWIFT_EMIT_LOC_STRINGS = YES;
				SWIFT_VERSION = 5.0;
				TARGETED_DEVICE_FAMILY = "1,2";
			};
			name = Release;
		};
/* End XCBuildConfiguration section */

/* Begin XCConfigurationList section */
		C3577D34272573760033F63D /* Build configuration list for PBXProject "CoreDataPreprare" */ = {
			isa = XCConfigurationList;
			buildConfigurations = (
				C3577D4A2725737A0033F63D /* Debug */,
				C3577D4B2725737A0033F63D /* Release */,
			);
			defaultConfigurationIsVisible = 0;
			defaultConfigurationName = Release;
		};
		C3577D4C2725737A0033F63D /* Build configuration list for PBXNativeTarget "CoreDataPreprare" */ = {
			isa = XCConfigurationList;
			buildConfigurations = (
				C3577D4D2725737A0033F63D /* Debug */,
				C3577D4E2725737A0033F63D /* Release */,
			);
			defaultConfigurationIsVisible = 0;
			defaultConfigurationName = Release;
		};
/* End XCConfigurationList section */

/* Begin XCVersionGroup section */
		C3577D472725737A0033F63D /* CoreDataPreprare.xcdatamodeld */ = {
			isa = XCVersionGroup;
			children = (
				C3577D482725737A0033F63D /* CoreDataPreprare.xcdatamodel */,
			);
			currentVersion = C3577D482725737A0033F63D /* CoreDataPreprare.xcdatamodel */;
			path = CoreDataPreprare.xcdatamodeld;
			sourceTree = "<group>";
			versionGroupType = wrapper.xcdatamodel;
		};
/* End XCVersionGroup section */
	};
	rootObject = C3577D31272573760033F63D /* Project object */;
}
